// !$*UTF8*$!
{
	archiveVersion = 1;
	classes = {
	};
	objectVersion = 56;
	objects = {

/* Begin PBXBuildFile section */
		A00000000000000000000001 /* FoodLogApp.swift in Sources */ = {isa = PBXBuildFile; fileRef = B00000000000000000000001 /* FoodLogApp.swift */; };
		A00000000000000000000002 /* PersistenceController.swift in Sources */ = {isa = PBXBuildFile; fileRef = B00000000000000000000002 /* PersistenceController.swift */; };
		A00000000000000000000003 /* ContentView.swift in Sources */ = {isa = PBXBuildFile; fileRef = B00000000000000000000003 /* ContentView.swift */; };
		A00000000000000000000004 /* JournalView.swift in Sources */ = {isa = PBXBuildFile; fileRef = B00000000000000000000004 /* JournalView.swift */; };
		A00000000000000000000005 /* FoodEntryEditor.swift in Sources */ = {isa = PBXBuildFile; fileRef = B00000000000000000000005 /* FoodEntryEditor.swift */; };
		A00000000000000000000006 /* BrowsePatternsSettings.swift in Sources */ = {isa = PBXBuildFile; fileRef = B00000000000000000000006 /* BrowsePatternsSettings.swift */; };
		A00000000000000000000007 /* Assets.xcassets in Resources */ = {isa = PBXBuildFile; fileRef = B00000000000000000000007 /* Assets.xcassets */; };
		A00000000000000000000008 /* FoodLog.xcdatamodeld in Sources */ = {isa = PBXBuildFile; fileRef = B00000000000000000000008 /* FoodLog.xcdatamodeld */; };
		A00000000000000000000009 /* LocationSearchModel.swift in Sources */ = {isa = PBXBuildFile; fileRef = B00000000000000000000012 /* LocationSearchModel.swift */; };
		A0000000000000000000000A /* ContactsSearchModel.swift in Sources */ = {isa = PBXBuildFile; fileRef = B00000000000000000000013 /* ContactsSearchModel.swift */; };
		A0000000000000000000000C /* AppLockView.swift in Sources */ = {isa = PBXBuildFile; fileRef = B00000000000000000000018 /* AppLockView.swift */; };
		A0000000000000000000000D /* MealDefaultTimes.swift in Sources */ = {isa = PBXBuildFile; fileRef = B00000000000000000000019 /* MealDefaultTimes.swift */; };
		A0000000000000000000000E /* FoodLogLogic.swift in Sources */ = {isa = PBXBuildFile; fileRef = B00000000000000000000020 /* FoodLogLogic.swift */; };
		A0000000000000000000000F /* FoodLogLogicTests.swift in Sources */ = {isa = PBXBuildFile; fileRef = B00000000000000000000021 /* FoodLogLogicTests.swift */; };
		A00000000000000000000010 /* FoodLogUITests.swift in Sources */ = {isa = PBXBuildFile; fileRef = B00000000000000000000023 /* FoodLogUITests.swift */; };
		A00000000000000000000011 /* FoodLogCSVImport.swift in Sources */ = {isa = PBXBuildFile; fileRef = B00000000000000000000025 /* FoodLogCSVImport.swift */; };
/* End PBXBuildFile section */

/* Begin PBXContainerItemProxy section */
		I00000000000000000000001 /* PBXContainerItemProxy */ = {
			isa = PBXContainerItemProxy;
			containerPortal = F00000000000000000000001 /* Project object */;
			proxyType = 1;
			remoteGlobalIDString = E00000000000000000000001;
			remoteInfo = FoodLog;
		};
		I00000000000000000000002 /* PBXContainerItemProxy */ = {
			isa = PBXContainerItemProxy;
			containerPortal = F00000000000000000000001 /* Project object */;
			proxyType = 1;
			remoteGlobalIDString = E00000000000000000000001;
			remoteInfo = FoodLog;
		};
/* End PBXContainerItemProxy section */

/* Begin PBXFileReference section */
		B00000000000000000000001 /* FoodLogApp.swift */ = {isa = PBXFileReference; lastKnownFileType = sourcecode.swift; path = FoodLogApp.swift; sourceTree = "<group>"; };
		B00000000000000000000002 /* PersistenceController.swift */ = {isa = PBXFileReference; lastKnownFileType = sourcecode.swift; path = PersistenceController.swift; sourceTree = "<group>"; };
		B00000000000000000000003 /* ContentView.swift */ = {isa = PBXFileReference; lastKnownFileType = sourcecode.swift; path = ContentView.swift; sourceTree = "<group>"; };
		B00000000000000000000004 /* JournalView.swift */ = {isa = PBXFileReference; lastKnownFileType = sourcecode.swift; path = JournalView.swift; sourceTree = "<group>"; };
		B00000000000000000000005 /* FoodEntryEditor.swift */ = {isa = PBXFileReference; lastKnownFileType = sourcecode.swift; path = FoodEntryEditor.swift; sourceTree = "<group>"; };
		B00000000000000000000006 /* BrowsePatternsSettings.swift */ = {isa = PBXFileReference; lastKnownFileType = sourcecode.swift; path = BrowsePatternsSettings.swift; sourceTree = "<group>"; };
		B00000000000000000000007 /* Assets.xcassets */ = {isa = PBXFileReference; lastKnownFileType = folder.assetcatalog; path = Assets.xcassets; sourceTree = "<group>"; };
		B00000000000000000000009 /* FoodLog.xcdatamodel */ = {isa = PBXFileReference; lastKnownFileType = wrapper.xcdatamodel; path = FoodLog.xcdatamodel; sourceTree = "<group>"; };
		B00000000000000000000010 /* Info.plist */ = {isa = PBXFileReference; lastKnownFileType = text.plist.xml; path = Info.plist; sourceTree = "<group>"; };
		B00000000000000000000011 /* FoodLog.app */ = {isa = PBXFileReference; explicitFileType = wrapper.application; includeInIndex = 0; path = FoodLog.app; sourceTree = BUILT_PRODUCTS_DIR; };
		B00000000000000000000012 /* LocationSearchModel.swift */ = {isa = PBXFileReference; lastKnownFileType = sourcecode.swift; path = LocationSearchModel.swift; sourceTree = "<group>"; };
		B00000000000000000000013 /* ContactsSearchModel.swift */ = {isa = PBXFileReference; lastKnownFileType = sourcecode.swift; path = ContactsSearchModel.swift; sourceTree = "<group>"; };
		B00000000000000000000014 /* FoodLogV2.xcdatamodel */ = {isa = PBXFileReference; lastKnownFileType = wrapper.xcdatamodel; path = FoodLogV2.xcdatamodel; sourceTree = "<group>"; };
		B00000000000000000000015 /* FoodLogV3.xcdatamodel */ = {isa = PBXFileReference; lastKnownFileType = wrapper.xcdatamodel; path = FoodLogV3.xcdatamodel; sourceTree = "<group>"; };
		B00000000000000000000017 /* FoodLogV4.xcdatamodel */ = {isa = PBXFileReference; lastKnownFileType = wrapper.xcdatamodel; path = FoodLogV4.xcdatamodel; sourceTree = "<group>"; };
		B00000000000000000000018 /* AppLockView.swift */ = {isa = PBXFileReference; lastKnownFileType = sourcecode.swift; path = AppLockView.swift; sourceTree = "<group>"; };
		B00000000000000000000019 /* MealDefaultTimes.swift */ = {isa = PBXFileReference; lastKnownFileType = sourcecode.swift; path = MealDefaultTimes.swift; sourceTree = "<group>"; };
		B00000000000000000000020 /* FoodLogLogic.swift */ = {isa = PBXFileReference; lastKnownFileType = sourcecode.swift; path = FoodLogLogic.swift; sourceTree = "<group>"; };
		B00000000000000000000021 /* FoodLogLogicTests.swift */ = {isa = PBXFileReference; lastKnownFileType = sourcecode.swift; path = FoodLogLogicTests.swift; sourceTree = "<group>"; };
		B00000000000000000000022 /* FoodLogTests.xctest */ = {isa = PBXFileReference; explicitFileType = wrapper.cfbundle; includeInIndex = 0; path = FoodLogTests.xctest; sourceTree = BUILT_PRODUCTS_DIR; };
		B00000000000000000000023 /* FoodLogUITests.swift */ = {isa = PBXFileReference; lastKnownFileType = sourcecode.swift; path = FoodLogUITests.swift; sourceTree = "<group>"; };
		B00000000000000000000024 /* FoodLogUITests.xctest */ = {isa = PBXFileReference; explicitFileType = wrapper.cfbundle; includeInIndex = 0; path = FoodLogUITests.xctest; sourceTree = BUILT_PRODUCTS_DIR; };
		B00000000000000000000025 /* FoodLogCSVImport.swift */ = {isa = PBXFileReference; lastKnownFileType = sourcecode.swift; path = FoodLogCSVImport.swift; sourceTree = "<group>"; };
/* End PBXFileReference section */

/* Begin PBXFrameworksBuildPhase section */
		D00000000000000000000001 /* Frameworks */ = {
			isa = PBXFrameworksBuildPhase;
			buildActionMask = 2147483647;
			files = (
			);
			runOnlyForDeploymentPostprocessing = 0;
		};
		D00000000000000000000005 /* Frameworks */ = {
			isa = PBXFrameworksBuildPhase;
			buildActionMask = 2147483647;
			files = (
			);
			runOnlyForDeploymentPostprocessing = 0;
		};
		D00000000000000000000008 /* Frameworks */ = {
			isa = PBXFrameworksBuildPhase;
			buildActionMask = 2147483647;
			files = (
			);
			runOnlyForDeploymentPostprocessing = 0;
		};
/* End PBXFrameworksBuildPhase section */

/* Begin PBXGroup section */
		C00000000000000000000001 = {
			isa = PBXGroup;
			children = (
				C00000000000000000000002 /* FoodLog */,
				C00000000000000000000004 /* FoodLogTests */,
				C00000000000000000000005 /* FoodLogUITests */,
				C00000000000000000000003 /* Products */,
			);
			sourceTree = "<group>";
		};
		C00000000000000000000002 /* FoodLog */ = {
			isa = PBXGroup;
			children = (
				B00000000000000000000001 /* FoodLogApp.swift */,
				B00000000000000000000003 /* ContentView.swift */,
				B00000000000000000000004 /* JournalView.swift */,
				B00000000000000000000005 /* FoodEntryEditor.swift */,
				B00000000000000000000006 /* BrowsePatternsSettings.swift */,
				B00000000000000000000002 /* PersistenceController.swift */,
				B00000000000000000000012 /* LocationSearchModel.swift */,
				B00000000000000000000013 /* ContactsSearchModel.swift */,
				B00000000000000000000018 /* AppLockView.swift */,
				B00000000000000000000019 /* MealDefaultTimes.swift */,
				B00000000000000000000020 /* FoodLogLogic.swift */,
				B00000000000000000000025 /* FoodLogCSVImport.swift */,
				B00000000000000000000008 /* FoodLog.xcdatamodeld */,
				B00000000000000000000007 /* Assets.xcassets */,
				B00000000000000000000010 /* Info.plist */,
			);
			path = FoodLog;
			sourceTree = "<group>";
		};
		C00000000000000000000004 /* FoodLogTests */ = {
			isa = PBXGroup;
			children = (
				B00000000000000000000021 /* FoodLogLogicTests.swift */,
			);
			path = FoodLogTests;
			sourceTree = "<group>";
		};
		C00000000000000000000005 /* FoodLogUITests */ = {
			isa = PBXGroup;
			children = (
				B00000000000000000000023 /* FoodLogUITests.swift */,
			);
			path = FoodLogUITests;
			sourceTree = "<group>";
		};
		C00000000000000000000003 /* Products */ = {
			isa = PBXGroup;
			children = (
				B00000000000000000000011 /* FoodLog.app */,
				B00000000000000000000022 /* FoodLogTests.xctest */,
				B00000000000000000000024 /* FoodLogUITests.xctest */,
			);
			name = Products;
			sourceTree = "<group>";
		};
/* End PBXGroup section */

/* Begin PBXNativeTarget section */
		E00000000000000000000001 /* FoodLog */ = {
			isa = PBXNativeTarget;
			buildConfigurationList = G00000000000000000000002 /* Build configuration list for PBXNativeTarget "FoodLog" */;
			buildPhases = (
				D00000000000000000000002 /* Sources */,
				D00000000000000000000001 /* Frameworks */,
				D00000000000000000000003 /* Resources */,
			);
			buildRules = (
			);
			dependencies = (
			);
			name = FoodLog;
			productName = FoodLog;
			productReference = B00000000000000000000011 /* FoodLog.app */;
			productType = "com.apple.product-type.application";
		};
		E00000000000000000000002 /* FoodLogTests */ = {
			isa = PBXNativeTarget;
			buildConfigurationList = G00000000000000000000003 /* Build configuration list for PBXNativeTarget "FoodLogTests" */;
			buildPhases = (
				D00000000000000000000004 /* Sources */,
				D00000000000000000000005 /* Frameworks */,
				D00000000000000000000006 /* Resources */,
			);
			buildRules = (
			);
			dependencies = (
				H00000000000000000000001 /* PBXTargetDependency */,
			);
			name = FoodLogTests;
			productName = FoodLogTests;
			productReference = B00000000000000000000022 /* FoodLogTests.xctest */;
			productType = "com.apple.product-type.bundle.unit-test";
		};
		E00000000000000000000003 /* FoodLogUITests */ = {
			isa = PBXNativeTarget;
			buildConfigurationList = G00000000000000000000004 /* Build configuration list for PBXNativeTarget "FoodLogUITests" */;
			buildPhases = (
				D00000000000000000000007 /* Sources */,
				D00000000000000000000008 /* Frameworks */,
				D00000000000000000000009 /* Resources */,
			);
			buildRules = (
			);
			dependencies = (
				H00000000000000000000002 /* PBXTargetDependency */,
			);
			name = FoodLogUITests;
			productName = FoodLogUITests;
			productReference = B00000000000000000000024 /* FoodLogUITests.xctest */;
			productType = "com.apple.product-type.bundle.ui-testing";
		};
/* End PBXNativeTarget section */

/* Begin PBXProject section */
		F00000000000000000000001 /* Project object */ = {
			isa = PBXProject;
			attributes = {
				BuildIndependentTargetsInParallel = YES;
				LastSwiftUpdateCheck = 1500;
				LastUpgradeCheck = 1500;
				TargetAttributes = {
					E00000000000000000000001 = {
						CreatedOnToolsVersion = 15.0;
					};
					E00000000000000000000002 = {
						CreatedOnToolsVersion = 15.0;
						TestTargetID = E00000000000000000000001;
					};
					E00000000000000000000003 = {
						CreatedOnToolsVersion = 15.0;
						TestTargetID = E00000000000000000000001;
					};
				};
			};
			buildConfigurationList = G00000000000000000000001 /* Build configuration list for PBXProject "FoodLog" */;
			compatibilityVersion = "Xcode 14.0";
			developmentRegion = en;
			hasScannedForEncodings = 0;
			knownRegions = (
				en,
				Base,
			);
			mainGroup = C00000000000000000000001;
			productRefGroup = C00000000000000000000003 /* Products */;
			projectDirPath = "";
			projectRoot = "";
			targets = (
				E00000000000000000000001 /* FoodLog */,
				E00000000000000000000002 /* FoodLogTests */,
				E00000000000000000000003 /* FoodLogUITests */,
			);
		};
/* End PBXProject section */

/* Begin PBXResourcesBuildPhase section */
		D00000000000000000000003 /* Resources */ = {
			isa = PBXResourcesBuildPhase;
			buildActionMask = 2147483647;
			files = (
				A00000000000000000000007 /* Assets.xcassets in Resources */,
			);
			runOnlyForDeploymentPostprocessing = 0;
		};
		D00000000000000000000006 /* Resources */ = {
			isa = PBXResourcesBuildPhase;
			buildActionMask = 2147483647;
			files = (
			);
			runOnlyForDeploymentPostprocessing = 0;
		};
		D00000000000000000000009 /* Resources */ = {
			isa = PBXResourcesBuildPhase;
			buildActionMask = 2147483647;
			files = (
			);
			runOnlyForDeploymentPostprocessing = 0;
		};
/* End PBXResourcesBuildPhase section */

/* Begin PBXSourcesBuildPhase section */
		D00000000000000000000002 /* Sources */ = {
			isa = PBXSourcesBuildPhase;
			buildActionMask = 2147483647;
			files = (
				A00000000000000000000001 /* FoodLogApp.swift in Sources */,
				A00000000000000000000002 /* PersistenceController.swift in Sources */,
				A00000000000000000000003 /* ContentView.swift in Sources */,
				A00000000000000000000004 /* JournalView.swift in Sources */,
				A00000000000000000000005 /* FoodEntryEditor.swift in Sources */,
				A00000000000000000000006 /* BrowsePatternsSettings.swift in Sources */,
				A00000000000000000000008 /* FoodLog.xcdatamodeld in Sources */,
				A00000000000000000000009 /* LocationSearchModel.swift in Sources */,
				A0000000000000000000000A /* ContactsSearchModel.swift in Sources */,
				A0000000000000000000000C /* AppLockView.swift in Sources */,
				A0000000000000000000000D /* MealDefaultTimes.swift in Sources */,
				A0000000000000000000000E /* FoodLogLogic.swift in Sources */,
				A00000000000000000000011 /* FoodLogCSVImport.swift in Sources */,
			);
			runOnlyForDeploymentPostprocessing = 0;
		};
		D00000000000000000000004 /* Sources */ = {
			isa = PBXSourcesBuildPhase;
			buildActionMask = 2147483647;
			files = (
				A0000000000000000000000F /* FoodLogLogicTests.swift in Sources */,
			);
			runOnlyForDeploymentPostprocessing = 0;
		};
		D00000000000000000000007 /* Sources */ = {
			isa = PBXSourcesBuildPhase;
			buildActionMask = 2147483647;
			files = (
				A00000000000000000000010 /* FoodLogUITests.swift in Sources */,
			);
			runOnlyForDeploymentPostprocessing = 0;
		};
/* End PBXSourcesBuildPhase section */

/* Begin PBXTargetDependency section */
		H00000000000000000000001 /* PBXTargetDependency */ = {
			isa = PBXTargetDependency;
			target = E00000000000000000000001 /* FoodLog */;
			targetProxy = I00000000000000000000001 /* PBXContainerItemProxy */;
		};
		H00000000000000000000002 /* PBXTargetDependency */ = {
			isa = PBXTargetDependency;
			target = E00000000000000000000001 /* FoodLog */;
			targetProxy = I00000000000000000000002 /* PBXContainerItemProxy */;
		};
/* End PBXTargetDependency section */

/* Begin XCBuildConfiguration section */
		G00000000000000000000011 /* Debug */ = {
			isa = XCBuildConfiguration;
			buildSettings = {
				ALWAYS_SEARCH_USER_PATHS = NO;
				CLANG_ENABLE_MODULES = YES;
				CLANG_ENABLE_OBJC_ARC = YES;
				CLANG_WARN_BOOL_CONVERSION = YES;
				CLANG_WARN_CONSTANT_CONVERSION = YES;
				CLANG_WARN_UNREACHABLE_CODE = YES;
				COPY_PHASE_STRIP = NO;
				DEBUG_INFORMATION_FORMAT = dwarf;
				ENABLE_TESTABILITY = YES;
				GCC_C_LANGUAGE_STANDARD = gnu17;
				GCC_OPTIMIZATION_LEVEL = 0;
				GCC_PREPROCESSOR_DEFINITIONS = (
					"DEBUG=1",
					"$(inherited)",
				);
				IPHONEOS_DEPLOYMENT_TARGET = 16.0;
				MTL_ENABLE_DEBUG_INFO = INCLUDE_SOURCE;
				ONLY_ACTIVE_ARCH = YES;
				SDKROOT = iphoneos;
				SWIFT_ACTIVE_COMPILATION_CONDITIONS = DEBUG;
				SWIFT_OPTIMIZATION_LEVEL = "-Onone";
			};
			name = Debug;
		};
		G00000000000000000000012 /* Release */ = {
			isa = XCBuildConfiguration;
			buildSettings = {
				ALWAYS_SEARCH_USER_PATHS = NO;
				CLANG_ENABLE_MODULES = YES;
				CLANG_ENABLE_OBJC_ARC = YES;
				CLANG_WARN_BOOL_CONVERSION = YES;
				CLANG_WARN_CONSTANT_CONVERSION = YES;
				CLANG_WARN_UNREACHABLE_CODE = YES;
				COPY_PHASE_STRIP = NO;
				DEBUG_INFORMATION_FORMAT = "dwarf-with-dsym";
				ENABLE_NS_ASSERTIONS = NO;
				GCC_C_LANGUAGE_STANDARD = gnu17;
				IPHONEOS_DEPLOYMENT_TARGET = 16.0;
				MTL_ENABLE_DEBUG_INFO = NO;
				SDKROOT = iphoneos;
				SWIFT_COMPILATION_MODE = wholemodule;
				SWIFT_OPTIMIZATION_LEVEL = "-O";
				VALIDATE_PRODUCT = YES;
			};
			name = Release;
		};
		G00000000000000000000021 /* Debug */ = {
			isa = XCBuildConfiguration;
			buildSettings = {
				ASSETCATALOG_COMPILER_APPICON_NAME = AppIcon;
				ASSETCATALOG_COMPILER_GLOBAL_ACCENT_COLOR_NAME = AccentColor;
				CODE_SIGN_STYLE = Automatic;
				CURRENT_PROJECT_VERSION = 3;
				DEVELOPMENT_TEAM = Z5K7SYFXP9;
				ENABLE_PREVIEWS = YES;
				GENERATE_INFOPLIST_FILE = NO;
				INFOPLIST_FILE = FoodLog/Info.plist;
				INFOPLIST_KEY_UIApplicationSceneManifest_Generation = YES;
				INFOPLIST_KEY_UIApplicationSupportsIndirectInputEvents = YES;
				MARKETING_VERSION = 2.1;
				PRODUCT_BUNDLE_IDENTIFIER = com.viraat.foodlog;
				PRODUCT_NAME = "$(TARGET_NAME)";
				SUPPORTED_PLATFORMS = "iphoneos iphonesimulator";
				SWIFT_EMIT_LOC_STRINGS = YES;
				SWIFT_VERSION = 5.0;
				TARGETED_DEVICE_FAMILY = 1;
			};
			name = Debug;
		};
		G00000000000000000000022 /* Release */ = {
			isa = XCBuildConfiguration;
			buildSettings = {
				ASSETCATALOG_COMPILER_APPICON_NAME = AppIcon;
				ASSETCATALOG_COMPILER_GLOBAL_ACCENT_COLOR_NAME = AccentColor;
				CODE_SIGN_STYLE = Automatic;
				CURRENT_PROJECT_VERSION = 3;
				DEVELOPMENT_TEAM = Z5K7SYFXP9;
				ENABLE_PREVIEWS = YES;
				GENERATE_INFOPLIST_FILE = NO;
				INFOPLIST_FILE = FoodLog/Info.plist;
				INFOPLIST_KEY_UIApplicationSceneManifest_Generation = YES;
				INFOPLIST_KEY_UIApplicationSupportsIndirectInputEvents = YES;
				MARKETING_VERSION = 2.1;
				PRODUCT_BUNDLE_IDENTIFIER = com.viraat.foodlog;
				PRODUCT_NAME = "$(TARGET_NAME)";
				SUPPORTED_PLATFORMS = "iphoneos iphonesimulator";
				SWIFT_EMIT_LOC_STRINGS = YES;
				SWIFT_VERSION = 5.0;
				TARGETED_DEVICE_FAMILY = 1;
			};
			name = Release;
		};
		G00000000000000000000031 /* Debug */ = {
			isa = XCBuildConfiguration;
			buildSettings = {
				BUNDLE_LOADER = "$(TEST_HOST)";
				CODE_SIGN_STYLE = Automatic;
				DEVELOPMENT_TEAM = Z5K7SYFXP9;
				GENERATE_INFOPLIST_FILE = YES;
				IPHONEOS_DEPLOYMENT_TARGET = 16.0;
				PRODUCT_BUNDLE_IDENTIFIER = com.viraat.foodlog.tests;
				PRODUCT_NAME = "$(TARGET_NAME)";
				SWIFT_VERSION = 5.0;
				TARGETED_DEVICE_FAMILY = 1;
				TEST_HOST = "$(BUILT_PRODUCTS_DIR)/FoodLog.app/$(BUNDLE_EXECUTABLE_FOLDER_PATH)/FoodLog";
			};
			name = Debug;
		};
		G00000000000000000000032 /* Release */ = {
			isa = XCBuildConfiguration;
			buildSettings = {
				BUNDLE_LOADER = "$(TEST_HOST)";
				CODE_SIGN_STYLE = Automatic;
				DEVELOPMENT_TEAM = Z5K7SYFXP9;
				GENERATE_INFOPLIST_FILE = YES;
				IPHONEOS_DEPLOYMENT_TARGET = 16.0;
				PRODUCT_BUNDLE_IDENTIFIER = com.viraat.foodlog.tests;
				PRODUCT_NAME = "$(TARGET_NAME)";
				SWIFT_VERSION = 5.0;
				TARGETED_DEVICE_FAMILY = 1;
				TEST_HOST = "$(BUILT_PRODUCTS_DIR)/FoodLog.app/$(BUNDLE_EXECUTABLE_FOLDER_PATH)/FoodLog";
			};
			name = Release;
		};
		G00000000000000000000041 /* Debug */ = {
			isa = XCBuildConfiguration;
			buildSettings = {
				CODE_SIGN_STYLE = Automatic;
				DEVELOPMENT_TEAM = Z5K7SYFXP9;
				GENERATE_INFOPLIST_FILE = YES;
				IPHONEOS_DEPLOYMENT_TARGET = 16.0;
				PRODUCT_BUNDLE_IDENTIFIER = com.viraat.foodlog.uitests;
				PRODUCT_NAME = "$(TARGET_NAME)";
				SWIFT_VERSION = 5.0;
				TARGETED_DEVICE_FAMILY = 1;
				TEST_TARGET_NAME = FoodLog;
			};
			name = Debug;
		};
		G00000000000000000000042 /* Release */ = {
			isa = XCBuildConfiguration;
			buildSettings = {
				CODE_SIGN_STYLE = Automatic;
				DEVELOPMENT_TEAM = Z5K7SYFXP9;
				GENERATE_INFOPLIST_FILE = YES;
				IPHONEOS_DEPLOYMENT_TARGET = 16.0;
				PRODUCT_BUNDLE_IDENTIFIER = com.viraat.foodlog.uitests;
				PRODUCT_NAME = "$(TARGET_NAME)";
				SWIFT_VERSION = 5.0;
				TARGETED_DEVICE_FAMILY = 1;
				TEST_TARGET_NAME = FoodLog;
			};
			name = Release;
		};
/* End XCBuildConfiguration section */

/* Begin XCConfigurationList section */
		G00000000000000000000001 /* Build configuration list for PBXProject "FoodLog" */ = {
			isa = XCConfigurationList;
			buildConfigurations = (
				G00000000000000000000011 /* Debug */,
				G00000000000000000000012 /* Release */,
			);
			defaultConfigurationIsVisible = 0;
			defaultConfigurationName = Release;
		};
		G00000000000000000000002 /* Build configuration list for PBXNativeTarget "FoodLog" */ = {
			isa = XCConfigurationList;
			buildConfigurations = (
				G00000000000000000000021 /* Debug */,
				G00000000000000000000022 /* Release */,
			);
			defaultConfigurationIsVisible = 0;
			defaultConfigurationName = Release;
		};
		G00000000000000000000003 /* Build configuration list for PBXNativeTarget "FoodLogTests" */ = {
			isa = XCConfigurationList;
			buildConfigurations = (
				G00000000000000000000031 /* Debug */,
				G00000000000000000000032 /* Release */,
			);
			defaultConfigurationIsVisible = 0;
			defaultConfigurationName = Release;
		};
		G00000000000000000000004 /* Build configuration list for PBXNativeTarget "FoodLogUITests" */ = {
			isa = XCConfigurationList;
			buildConfigurations = (
				G00000000000000000000041 /* Debug */,
				G00000000000000000000042 /* Release */,
			);
			defaultConfigurationIsVisible = 0;
			defaultConfigurationName = Release;
		};
/* End XCConfigurationList section */

/* Begin XCVersionGroup section */
		B00000000000000000000008 /* FoodLog.xcdatamodeld */ = {
			isa = XCVersionGroup;
			children = (
				B00000000000000000000009 /* FoodLog.xcdatamodel */,
				B00000000000000000000014 /* FoodLogV2.xcdatamodel */,
				B00000000000000000000015 /* FoodLogV3.xcdatamodel */,
				B00000000000000000000017 /* FoodLogV4.xcdatamodel */,
			);
			currentVersion = B00000000000000000000017 /* FoodLogV4.xcdatamodel */;
			path = FoodLog.xcdatamodeld;
			sourceTree = "<group>";
			versionGroupType = wrapper.xcdatamodel;
		};
/* End XCVersionGroup section */
	};
	rootObject = F00000000000000000000001 /* Project object */;
}
